# THIS IS AN AUTOGENERATED FILE. DO NOT EDIT THIS FILE DIRECTLY.
# yarn lockfile v1


"@types/babel-core@^6.25.2":
  version "6.25.2"
  resolved "https://registry.yarnpkg.com/@types/babel-core/-/babel-core-6.25.2.tgz#500b7fef2834dce87b32311a4d67a1a757adaac7"
  dependencies:
    "@types/babel-generator" "*"
    "@types/babel-template" "*"
    "@types/babel-traverse" "*"
    "@types/babel-types" "*"
    "@types/babylon" "*"

"@types/babel-generator@*":
  version "6.25.0"
  resolved "https://registry.yarnpkg.com/@types/babel-generator/-/babel-generator-6.25.0.tgz#8255469aa14712f0d1608b99683cabd5b413d96b"
  dependencies:
    "@types/babel-types" "*"

"@types/babel-template@*":
  version "6.25.0"
  resolved "https://registry.yarnpkg.com/@types/babel-template/-/babel-template-6.25.0.tgz#2505d7b55b88f821d98048b4fdf07b3b22563d30"
  dependencies:
    "@types/babel-types" "*"
    "@types/babylon" "*"

"@types/babel-traverse@*":
  version "6.25.2"
  resolved "https://registry.yarnpkg.com/@types/babel-traverse/-/babel-traverse-6.25.2.tgz#3cfaebe316fec515a964adbb84147b3c8971ba9f"
  dependencies:
    "@types/babel-types" "*"

"@types/babel-types@*":
  version "6.25.1"
  resolved "https://registry.yarnpkg.com/@types/babel-types/-/babel-types-6.25.1.tgz#ce8f126a4403e11e1b0033a424f11638afac7889"

"@types/babylon@*":
  version "6.16.2"
  resolved "https://registry.yarnpkg.com/@types/babylon/-/babylon-6.16.2.tgz#062ce63b693d9af1c246f5aedf928bc9c30589c8"
  dependencies:
    "@types/babel-types" "*"

"@types/mocha@^2.2.43":
  version "2.2.43"
  resolved "https://registry.yarnpkg.com/@types/mocha/-/mocha-2.2.43.tgz#03c54589c43ad048cbcbfd63999b55d0424eec27"

"@types/node@^8.0.31":
  version "8.0.31"
  resolved "https://registry.yarnpkg.com/@types/node/-/node-8.0.31.tgz#d9af61093cf4bfc9f066ca34de0175012cfb0ce9"

ansi-regex@^2.0.0:
  version "2.1.1"
  resolved "https://registry.yarnpkg.com/ansi-regex/-/ansi-regex-2.1.1.tgz#c3b33ab5ee360d86e0e628f0468ae7ef27d654df"

ansi-styles@^2.2.1:
  version "2.2.1"
  resolved "https://registry.yarnpkg.com/ansi-styles/-/ansi-styles-2.2.1.tgz#b432dd3358b634cf75e1e4664368240533c1ddbe"

ansi-styles@^3.1.0:
  version "3.2.0"
  resolved "https://registry.yarnpkg.com/ansi-styles/-/ansi-styles-3.2.0.tgz#c159b8d5be0f9e5a6f346dab94f16ce022161b88"
  dependencies:
    color-convert "^1.9.0"

arrify@^1.0.0:
  version "1.0.1"
  resolved "https://registry.yarnpkg.com/arrify/-/arrify-1.0.1.tgz#898508da2226f380df904728456849c1501a4b0d"

babel-code-frame@^6.26.0:
  version "6.26.0"
  resolved "https://registry.yarnpkg.com/babel-code-frame/-/babel-code-frame-6.26.0.tgz#63fd43f7dc1e3bb7ce35947db8fe369a3f58c74b"
  dependencies:
    chalk "^1.1.3"
    esutils "^2.0.2"
    js-tokens "^3.0.2"

babel-core@^6.26.0:
  version "6.26.0"
  resolved "https://registry.yarnpkg.com/babel-core/-/babel-core-6.26.0.tgz#af32f78b31a6fcef119c87b0fd8d9753f03a0bb8"
  dependencies:
    babel-code-frame "^6.26.0"
    babel-generator "^6.26.0"
    babel-helpers "^6.24.1"
    babel-messages "^6.23.0"
    babel-register "^6.26.0"
    babel-runtime "^6.26.0"
    babel-template "^6.26.0"
    babel-traverse "^6.26.0"
    babel-types "^6.26.0"
    babylon "^6.18.0"
    convert-source-map "^1.5.0"
    debug "^2.6.8"
    json5 "^0.5.1"
    lodash "^4.17.4"
    minimatch "^3.0.4"
    path-is-absolute "^1.0.1"
    private "^0.1.7"
    slash "^1.0.0"
    source-map "^0.5.6"

babel-generator@^6.26.0:
  version "6.26.0"
  resolved "https://registry.yarnpkg.com/babel-generator/-/babel-generator-6.26.0.tgz#ac1ae20070b79f6e3ca1d3269613053774f20dc5"
  dependencies:
    babel-messages "^6.23.0"
    babel-runtime "^6.26.0"
    babel-types "^6.26.0"
    detect-indent "^4.0.0"
    jsesc "^1.3.0"
    lodash "^4.17.4"
    source-map "^0.5.6"
    trim-right "^1.0.1"

babel-helper-builder-react-jsx@^6.24.1:
  version "6.26.0"
  resolved "https://registry.yarnpkg.com/babel-helper-builder-react-jsx/-/babel-helper-builder-react-jsx-6.26.0.tgz#39ff8313b75c8b65dceff1f31d383e0ff2a408a0"
  dependencies:
    babel-runtime "^6.26.0"
    babel-types "^6.26.0"
    esutils "^2.0.2"

babel-helpers@^6.24.1:
  version "6.24.1"
  resolved "https://registry.yarnpkg.com/babel-helpers/-/babel-helpers-6.24.1.tgz#3471de9caec388e5c850e597e58a26ddf37602b2"
  dependencies:
    babel-runtime "^6.22.0"
    babel-template "^6.24.1"

babel-messages@^6.23.0:
  version "6.23.0"
  resolved "https://registry.yarnpkg.com/babel-messages/-/babel-messages-6.23.0.tgz#f3cdf4703858035b2a2951c6ec5edf6c62f2630e"
  dependencies:
    babel-runtime "^6.22.0"

babel-plugin-syntax-flow@^6.18.0:
  version "6.18.0"
  resolved "https://registry.yarnpkg.com/babel-plugin-syntax-flow/-/babel-plugin-syntax-flow-6.18.0.tgz#4c3ab20a2af26aa20cd25995c398c4eb70310c8d"

babel-plugin-syntax-jsx@^6.3.13, babel-plugin-syntax-jsx@^6.8.0:
  version "6.18.0"
  resolved "https://registry.yarnpkg.com/babel-plugin-syntax-jsx/-/babel-plugin-syntax-jsx-6.18.0.tgz#0af32a9a6e13ca7a3fd5069e62d7b0f58d0d8946"

babel-plugin-transform-flow-strip-types@^6.22.0:
  version "6.22.0"
  resolved "https://registry.yarnpkg.com/babel-plugin-transform-flow-strip-types/-/babel-plugin-transform-flow-strip-types-6.22.0.tgz#84cb672935d43714fdc32bce84568d87441cf7cf"
  dependencies:
    babel-plugin-syntax-flow "^6.18.0"
    babel-runtime "^6.22.0"

babel-plugin-transform-react-display-name@^6.23.0:
  version "6.25.0"
  resolved "https://registry.yarnpkg.com/babel-plugin-transform-react-display-name/-/babel-plugin-transform-react-display-name-6.25.0.tgz#67e2bf1f1e9c93ab08db96792e05392bf2cc28d1"
  dependencies:
    babel-runtime "^6.22.0"

babel-plugin-transform-react-jsx-self@^6.22.0:
  version "6.22.0"
  resolved "https://registry.yarnpkg.com/babel-plugin-transform-react-jsx-self/-/babel-plugin-transform-react-jsx-self-6.22.0.tgz#df6d80a9da2612a121e6ddd7558bcbecf06e636e"
  dependencies:
    babel-plugin-syntax-jsx "^6.8.0"
    babel-runtime "^6.22.0"

babel-plugin-transform-react-jsx-source@^6.22.0:
  version "6.22.0"
  resolved "https://registry.yarnpkg.com/babel-plugin-transform-react-jsx-source/-/babel-plugin-transform-react-jsx-source-6.22.0.tgz#66ac12153f5cd2d17b3c19268f4bf0197f44ecd6"
  dependencies:
    babel-plugin-syntax-jsx "^6.8.0"
    babel-runtime "^6.22.0"

babel-plugin-transform-react-jsx@^6.24.1:
  version "6.24.1"
  resolved "https://registry.yarnpkg.com/babel-plugin-transform-react-jsx/-/babel-plugin-transform-react-jsx-6.24.1.tgz#840a028e7df460dfc3a2d29f0c0d91f6376e66a3"
  dependencies:
    babel-helper-builder-react-jsx "^6.24.1"
    babel-plugin-syntax-jsx "^6.8.0"
    babel-runtime "^6.22.0"

babel-preset-flow@^6.23.0:
  version "6.23.0"
  resolved "https://registry.yarnpkg.com/babel-preset-flow/-/babel-preset-flow-6.23.0.tgz#e71218887085ae9a24b5be4169affb599816c49d"
  dependencies:
    babel-plugin-transform-flow-strip-types "^6.22.0"

babel-preset-react@^6.24.1:
  version "6.24.1"
  resolved "https://registry.yarnpkg.com/babel-preset-react/-/babel-preset-react-6.24.1.tgz#ba69dfaea45fc3ec639b6a4ecea6e17702c91380"
  dependencies:
    babel-plugin-syntax-jsx "^6.3.13"
    babel-plugin-transform-react-display-name "^6.23.0"
    babel-plugin-transform-react-jsx "^6.24.1"
    babel-plugin-transform-react-jsx-self "^6.22.0"
    babel-plugin-transform-react-jsx-source "^6.22.0"
    babel-preset-flow "^6.23.0"

babel-register@^6.26.0:
  version "6.26.0"
  resolved "https://registry.yarnpkg.com/babel-register/-/babel-register-6.26.0.tgz#6ed021173e2fcb486d7acb45c6009a856f647071"
  dependencies:
    babel-core "^6.26.0"
    babel-runtime "^6.26.0"
    core-js "^2.5.0"
    home-or-tmp "^2.0.0"
    lodash "^4.17.4"
    mkdirp "^0.5.1"
    source-map-support "^0.4.15"

babel-runtime@^6.22.0, babel-runtime@^6.26.0:
  version "6.26.0"
  resolved "https://registry.yarnpkg.com/babel-runtime/-/babel-runtime-6.26.0.tgz#965c7058668e82b55d7bfe04ff2337bc8b5647fe"
  dependencies:
    core-js "^2.4.0"
    regenerator-runtime "^0.11.0"

babel-template@^6.24.1, babel-template@^6.26.0:
  version "6.26.0"
  resolved "https://registry.yarnpkg.com/babel-template/-/babel-template-6.26.0.tgz#de03e2d16396b069f46dd9fff8521fb1a0e35e02"
  dependencies:
    babel-runtime "^6.26.0"
    babel-traverse "^6.26.0"
    babel-types "^6.26.0"
    babylon "^6.18.0"
    lodash "^4.17.4"

babel-traverse@^6.26.0:
  version "6.26.0"
  resolved "https://registry.yarnpkg.com/babel-traverse/-/babel-traverse-6.26.0.tgz#46a9cbd7edcc62c8e5c064e2d2d8d0f4035766ee"
  dependencies:
    babel-code-frame "^6.26.0"
    babel-messages "^6.23.0"
    babel-runtime "^6.26.0"
    babel-types "^6.26.0"
    babylon "^6.18.0"
    debug "^2.6.8"
    globals "^9.18.0"
    invariant "^2.2.2"
    lodash "^4.17.4"

babel-types@^6.26.0:
  version "6.26.0"
  resolved "https://registry.yarnpkg.com/babel-types/-/babel-types-6.26.0.tgz#a3b073f94ab49eb6fa55cd65227a334380632497"
  dependencies:
    babel-runtime "^6.26.0"
    esutils "^2.0.2"
    lodash "^4.17.4"
    to-fast-properties "^1.0.3"

babylon@^6.18.0:
  version "6.18.0"
  resolved "https://registry.yarnpkg.com/babylon/-/babylon-6.18.0.tgz#af2f3b88fa6f5c1e4c634d1a0f8eac4f55b395e3"

babylon@^7.0.0-beta.27:
  version "7.0.0-beta.27"
  resolved "https://registry.yarnpkg.com/babylon/-/babylon-7.0.0-beta.27.tgz#b6edd30ef30619e2f630eb52585fdda84e6542cd"

balanced-match@^1.0.0:
  version "1.0.0"
  resolved "https://registry.yarnpkg.com/balanced-match/-/balanced-match-1.0.0.tgz#89b4d199ab2bee49de164ea02b89ce462d71b767"

brace-expansion@^1.1.7:
  version "1.1.8"
  resolved "https://registry.yarnpkg.com/brace-expansion/-/brace-expansion-1.1.8.tgz#c07b211c7c952ec1f8efd51a77ef0d1d3990a292"
  dependencies:
    balanced-match "^1.0.0"
    concat-map "0.0.1"

browser-stdout@1.3.0:
  version "1.3.0"
  resolved "https://registry.yarnpkg.com/browser-stdout/-/browser-stdout-1.3.0.tgz#f351d32969d32fa5d7a5567154263d928ae3bd1f"

chalk@^1.1.3:
  version "1.1.3"
  resolved "https://registry.yarnpkg.com/chalk/-/chalk-1.1.3.tgz#a8115c55e4a702fe4d150abd3872822a7e09fc98"
  dependencies:
    ansi-styles "^2.2.1"
    escape-string-regexp "^1.0.2"
    has-ansi "^2.0.0"
    strip-ansi "^3.0.0"
    supports-color "^2.0.0"

chalk@^2.0.0:
  version "2.1.0"
  resolved "https://registry.yarnpkg.com/chalk/-/chalk-2.1.0.tgz#ac5becf14fa21b99c6c92ca7a7d7cfd5b17e743e"
  dependencies:
    ansi-styles "^3.1.0"
    escape-string-regexp "^1.0.5"
    supports-color "^4.0.0"

color-convert@^1.9.0:
  version "1.9.0"
  resolved "https://registry.yarnpkg.com/color-convert/-/color-convert-1.9.0.tgz#1accf97dd739b983bf994d56fec8f95853641b7a"
  dependencies:
    color-name "^1.1.1"

color-name@^1.1.1:
  version "1.1.3"
  resolved "https://registry.yarnpkg.com/color-name/-/color-name-1.1.3.tgz#a7d0558bd89c42f795dd42328f740831ca53bc25"

commander@2.9.0:
  version "2.9.0"
  resolved "https://registry.yarnpkg.com/commander/-/commander-2.9.0.tgz#9c99094176e12240cb22d6c5146098400fe0f7d4"
  dependencies:
    graceful-readlink ">= 1.0.0"

concat-map@0.0.1:
  version "0.0.1"
  resolved "https://registry.yarnpkg.com/concat-map/-/concat-map-0.0.1.tgz#d8a96bd77fd68df7793a73036a3ba0d5405d477b"

convert-source-map@^1.5.0:
  version "1.5.0"
  resolved "https://registry.yarnpkg.com/convert-source-map/-/convert-source-map-1.5.0.tgz#9acd70851c6d5dfdd93d9282e5edf94a03ff46b5"

core-js@^2.4.0, core-js@^2.5.0:
  version "2.5.1"
  resolved "https://registry.yarnpkg.com/core-js/-/core-js-2.5.1.tgz#ae6874dc66937789b80754ff5428df66819ca50b"

debug@2.6.8:
  version "2.6.8"
  resolved "https://registry.yarnpkg.com/debug/-/debug-2.6.8.tgz#e731531ca2ede27d188222427da17821d68ff4fc"
  dependencies:
    ms "2.0.0"

debug@^2.6.8:
  version "2.6.9"
  resolved "https://registry.yarnpkg.com/debug/-/debug-2.6.9.tgz#5d128515df134ff327e90a4c93f4e077a536341f"
  dependencies:
    ms "2.0.0"

detect-indent@^4.0.0:
  version "4.0.0"
  resolved "https://registry.yarnpkg.com/detect-indent/-/detect-indent-4.0.0.tgz#f76d064352cdf43a1cb6ce619c4ee3a9475de208"
  dependencies:
    repeating "^2.0.0"

diff@3.2.0:
  version "3.2.0"
  resolved "https://registry.yarnpkg.com/diff/-/diff-3.2.0.tgz#c9ce393a4b7cbd0b058a725c93df299027868ff9"

diff@^3.1.0:
  version "3.3.1"
  resolved "https://registry.yarnpkg.com/diff/-/diff-3.3.1.tgz#aa8567a6eed03c531fc89d3f711cd0e5259dec75"

escape-string-regexp@1.0.5, escape-string-regexp@^1.0.2, escape-string-regexp@^1.0.5:
  version "1.0.5"
  resolved "https://registry.yarnpkg.com/escape-string-regexp/-/escape-string-regexp-1.0.5.tgz#1b61c0562190a8dff6ae3bb2cf0200ca130b86d4"

esutils@^2.0.2:
  version "2.0.2"
  resolved "https://registry.yarnpkg.com/esutils/-/esutils-2.0.2.tgz#0abf4f1caa5bcb1f7a9d8acc6dea4faaa04bac9b"

fs.realpath@^1.0.0:
  version "1.0.0"
  resolved "https://registry.yarnpkg.com/fs.realpath/-/fs.realpath-1.0.0.tgz#1504ad2523158caa40db4a2787cb01411994ea4f"

glob@7.1.1:
  version "7.1.1"
  resolved "https://registry.yarnpkg.com/glob/-/glob-7.1.1.tgz#805211df04faaf1c63a3600306cdf5ade50b2ec8"
  dependencies:
    fs.realpath "^1.0.0"
    inflight "^1.0.4"
    inherits "2"
    minimatch "^3.0.2"
    once "^1.3.0"
    path-is-absolute "^1.0.0"

globals@^9.18.0:
  version "9.18.0"
  resolved "https://registry.yarnpkg.com/globals/-/globals-9.18.0.tgz#aa3896b3e69b487f17e31ed2143d69a8e30c2d8a"

"graceful-readlink@>= 1.0.0":
  version "1.0.1"
  resolved "https://registry.yarnpkg.com/graceful-readlink/-/graceful-readlink-1.0.1.tgz#4cafad76bc62f02fa039b2f94e9a3dd3a391a725"

growl@1.9.2:
  version "1.9.2"
  resolved "https://registry.yarnpkg.com/growl/-/growl-1.9.2.tgz#0ea7743715db8d8de2c5ede1775e1b45ac85c02f"

has-ansi@^2.0.0:
  version "2.0.0"
  resolved "https://registry.yarnpkg.com/has-ansi/-/has-ansi-2.0.0.tgz#34f5049ce1ecdf2b0649af3ef24e45ed35416d91"
  dependencies:
    ansi-regex "^2.0.0"

has-flag@^1.0.0:
  version "1.0.0"
  resolved "https://registry.yarnpkg.com/has-flag/-/has-flag-1.0.0.tgz#9d9e793165ce017a00f00418c43f942a7b1d11fa"

has-flag@^2.0.0:
  version "2.0.0"
  resolved "https://registry.yarnpkg.com/has-flag/-/has-flag-2.0.0.tgz#e8207af1cc7b30d446cc70b734b5e8be18f88d51"

he@1.1.1:
  version "1.1.1"
  resolved "https://registry.yarnpkg.com/he/-/he-1.1.1.tgz#93410fd21b009735151f8868c2f271f3427e23fd"

home-or-tmp@^2.0.0:
  version "2.0.0"
  resolved "https://registry.yarnpkg.com/home-or-tmp/-/home-or-tmp-2.0.0.tgz#e36c3f2d2cae7d746a857e38d18d5f32a7882db8"
  dependencies:
    os-homedir "^1.0.0"
    os-tmpdir "^1.0.1"

homedir-polyfill@^1.0.1:
  version "1.0.1"
  resolved "https://registry.yarnpkg.com/homedir-polyfill/-/homedir-polyfill-1.0.1.tgz#4c2bbc8a758998feebf5ed68580f76d46768b4bc"
  dependencies:
    parse-passwd "^1.0.0"

inflight@^1.0.4:
  version "1.0.6"
  resolved "https://registry.yarnpkg.com/inflight/-/inflight-1.0.6.tgz#49bd6331d7d02d0c09bc910a1075ba8165b56df9"
  dependencies:
    once "^1.3.0"
    wrappy "1"

inherits@2:
  version "2.0.3"
  resolved "https://registry.yarnpkg.com/inherits/-/inherits-2.0.3.tgz#633c2c83e3da42a502f52466022480f4208261de"

invariant@^2.2.2:
  version "2.2.2"
  resolved "https://registry.yarnpkg.com/invariant/-/invariant-2.2.2.tgz#9e1f56ac0acdb6bf303306f338be3b204ae60360"
  dependencies:
    loose-envify "^1.0.0"

is-finite@^1.0.0:
  version "1.0.2"
  resolved "https://registry.yarnpkg.com/is-finite/-/is-finite-1.0.2.tgz#cc6677695602be550ef11e8b4aa6305342b6d0aa"
  dependencies:
    number-is-nan "^1.0.0"

js-tokens@^3.0.0, js-tokens@^3.0.2:
  version "3.0.2"
  resolved "https://registry.yarnpkg.com/js-tokens/-/js-tokens-3.0.2.tgz#9866df395102130e38f7f996bceb65443209c25b"

jsesc@^1.3.0:
  version "1.3.0"
  resolved "https://registry.yarnpkg.com/jsesc/-/jsesc-1.3.0.tgz#46c3fec8c1892b12b0833db9bc7622176dbab34b"

json3@3.3.2:
  version "3.3.2"
  resolved "https://registry.yarnpkg.com/json3/-/json3-3.3.2.tgz#3c0434743df93e2f5c42aee7b19bcb483575f4e1"

json5@^0.5.1:
  version "0.5.1"
  resolved "https://registry.yarnpkg.com/json5/-/json5-0.5.1.tgz#1eade7acc012034ad84e2396767ead9fa5495821"

lodash._baseassign@^3.0.0:
  version "3.2.0"
  resolved "https://registry.yarnpkg.com/lodash._baseassign/-/lodash._baseassign-3.2.0.tgz#8c38a099500f215ad09e59f1722fd0c52bfe0a4e"
  dependencies:
    lodash._basecopy "^3.0.0"
    lodash.keys "^3.0.0"

lodash._basecopy@^3.0.0:
  version "3.0.1"
  resolved "https://registry.yarnpkg.com/lodash._basecopy/-/lodash._basecopy-3.0.1.tgz#8da0e6a876cf344c0ad8a54882111dd3c5c7ca36"

lodash._basecreate@^3.0.0:
  version "3.0.3"
  resolved "https://registry.yarnpkg.com/lodash._basecreate/-/lodash._basecreate-3.0.3.tgz#1bc661614daa7fc311b7d03bf16806a0213cf821"

lodash._getnative@^3.0.0:
  version "3.9.1"
  resolved "https://registry.yarnpkg.com/lodash._getnative/-/lodash._getnative-3.9.1.tgz#570bc7dede46d61cdcde687d65d3eecbaa3aaff5"

lodash._isiterateecall@^3.0.0:
  version "3.0.9"
  resolved "https://registry.yarnpkg.com/lodash._isiterateecall/-/lodash._isiterateecall-3.0.9.tgz#5203ad7ba425fae842460e696db9cf3e6aac057c"

lodash.create@3.1.1:
  version "3.1.1"
  resolved "https://registry.yarnpkg.com/lodash.create/-/lodash.create-3.1.1.tgz#d7f2849f0dbda7e04682bb8cd72ab022461debe7"
  dependencies:
    lodash._baseassign "^3.0.0"
    lodash._basecreate "^3.0.0"
    lodash._isiterateecall "^3.0.0"

lodash.isarguments@^3.0.0:
  version "3.1.0"
  resolved "https://registry.yarnpkg.com/lodash.isarguments/-/lodash.isarguments-3.1.0.tgz#2f573d85c6a24289ff00663b491c1d338ff3458a"

lodash.isarray@^3.0.0:
  version "3.0.4"
  resolved "https://registry.yarnpkg.com/lodash.isarray/-/lodash.isarray-3.0.4.tgz#79e4eb88c36a8122af86f844aa9bcd851b5fbb55"

lodash.keys@^3.0.0:
  version "3.1.2"
  resolved "https://registry.yarnpkg.com/lodash.keys/-/lodash.keys-3.1.2.tgz#4dbc0472b156be50a0b286855d1bd0b0c656098a"
  dependencies:
    lodash._getnative "^3.0.0"
    lodash.isarguments "^3.0.0"
    lodash.isarray "^3.0.0"

lodash@^4.17.4:
  version "4.17.4"
  resolved "https://registry.yarnpkg.com/lodash/-/lodash-4.17.4.tgz#78203a4d1c328ae1d86dca6460e369b57f4055ae"

loose-envify@^1.0.0:
  version "1.3.1"
  resolved "https://registry.yarnpkg.com/loose-envify/-/loose-envify-1.3.1.tgz#d1a8ad33fa9ce0e713d65fdd0ac8b748d478c848"
  dependencies:
    js-tokens "^3.0.0"

make-error@^1.1.1:
  version "1.3.0"
  resolved "https://registry.yarnpkg.com/make-error/-/make-error-1.3.0.tgz#52ad3a339ccf10ce62b4040b708fe707244b8b96"

minimatch@^3.0.2, minimatch@^3.0.4:
  version "3.0.4"
  resolved "https://registry.yarnpkg.com/minimatch/-/minimatch-3.0.4.tgz#5166e286457f03306064be5497e8dbb0c3d32083"
  dependencies:
    brace-expansion "^1.1.7"

minimist@0.0.8:
  version "0.0.8"
  resolved "https://registry.yarnpkg.com/minimist/-/minimist-0.0.8.tgz#857fcabfc3397d2625b8228262e86aa7a011b05d"

minimist@^1.2.0:
  version "1.2.0"
  resolved "https://registry.yarnpkg.com/minimist/-/minimist-1.2.0.tgz#a35008b20f41383eec1fb914f4cd5df79a264284"

mkdirp@0.5.1, mkdirp@^0.5.1:
  version "0.5.1"
  resolved "https://registry.yarnpkg.com/mkdirp/-/mkdirp-0.5.1.tgz#30057438eac6cf7f8c4767f38648d6697d75c903"
  dependencies:
    minimist "0.0.8"

mocha@^3.5.3:
  version "3.5.3"
  resolved "https://registry.yarnpkg.com/mocha/-/mocha-3.5.3.tgz#1e0480fe36d2da5858d1eb6acc38418b26eaa20d"
  dependencies:
    browser-stdout "1.3.0"
    commander "2.9.0"
    debug "2.6.8"
    diff "3.2.0"
    escape-string-regexp "1.0.5"
    glob "7.1.1"
    growl "1.9.2"
    he "1.1.1"
    json3 "3.3.2"
    lodash.create "3.1.1"
    mkdirp "0.5.1"
    supports-color "3.1.2"

ms@2.0.0:
  version "2.0.0"
  resolved "https://registry.yarnpkg.com/ms/-/ms-2.0.0.tgz#5608aeadfc00be6c2901df5f9861788de0d597c8"

number-is-nan@^1.0.0:
  version "1.0.1"
  resolved "https://registry.yarnpkg.com/number-is-nan/-/number-is-nan-1.0.1.tgz#097b602b53422a522c1afb8790318336941a011d"

once@^1.3.0:
  version "1.4.0"
  resolved "https://registry.yarnpkg.com/once/-/once-1.4.0.tgz#583b1aa775961d4b113ac17d9c50baef9dd76bd1"
  dependencies:
    wrappy "1"

os-homedir@^1.0.0:
  version "1.0.2"
  resolved "https://registry.yarnpkg.com/os-homedir/-/os-homedir-1.0.2.tgz#ffbc4988336e0e833de0c168c7ef152121aa7fb3"

os-tmpdir@^1.0.1:
  version "1.0.2"
  resolved "https://registry.yarnpkg.com/os-tmpdir/-/os-tmpdir-1.0.2.tgz#bbe67406c79aa85c5cfec766fe5734555dfa1274"

parse-passwd@^1.0.0:
  version "1.0.0"
  resolved "https://registry.yarnpkg.com/parse-passwd/-/parse-passwd-1.0.0.tgz#6d5b934a456993b23d37f40a382d6f1666a8e5c6"

path-is-absolute@^1.0.0, path-is-absolute@^1.0.1:
  version "1.0.1"
  resolved "https://registry.yarnpkg.com/path-is-absolute/-/path-is-absolute-1.0.1.tgz#174b9268735534ffbc7ace6bf53a5a9e1b5c5f5f"

private@^0.1.7:
  version "0.1.7"
  resolved "https://registry.yarnpkg.com/private/-/private-0.1.7.tgz#68ce5e8a1ef0a23bb570cc28537b5332aba63ef1"

regenerator-runtime@^0.11.0:
  version "0.11.0"
  resolved "https://registry.yarnpkg.com/regenerator-runtime/-/regenerator-runtime-0.11.0.tgz#7e54fe5b5ccd5d6624ea6255c3473be090b802e1"

repeating@^2.0.0:
  version "2.0.1"
  resolved "https://registry.yarnpkg.com/repeating/-/repeating-2.0.1.tgz#5214c53a926d3552707527fbab415dbc08d06dda"
  dependencies:
    is-finite "^1.0.0"

slash@^1.0.0:
  version "1.0.0"
  resolved "https://registry.yarnpkg.com/slash/-/slash-1.0.0.tgz#c41f2f6c39fc16d1cd17ad4b5d896114ae470d55"

source-map-support@^0.4.0, source-map-support@^0.4.15:
  version "0.4.18"
  resolved "https://registry.yarnpkg.com/source-map-support/-/source-map-support-0.4.18.tgz#0286a6de8be42641338594e97ccea75f0a2c585f"
  dependencies:
    source-map "^0.5.6"

source-map@^0.5.6:
  version "0.5.7"
  resolved "https://registry.yarnpkg.com/source-map/-/source-map-0.5.7.tgz#8a039d2d1021d22d1ea14c80d8ea468ba2ef3fcc"

strip-ansi@^3.0.0:
  version "3.0.1"
  resolved "https://registry.yarnpkg.com/strip-ansi/-/strip-ansi-3.0.1.tgz#6a385fb8853d952d5ff05d0e8aaf94278dc63dcf"
  dependencies:
    ansi-regex "^2.0.0"

strip-bom@^3.0.0:
  version "3.0.0"
  resolved "https://registry.yarnpkg.com/strip-bom/-/strip-bom-3.0.0.tgz#2334c18e9c759f7bdd56fdef7e9ae3d588e68ed3"

strip-json-comments@^2.0.0:
  version "2.0.1"
  resolved "https://registry.yarnpkg.com/strip-json-comments/-/strip-json-comments-2.0.1.tgz#3c531942e908c2697c0ec344858c286c7ca0a60a"

supports-color@3.1.2:
  version "3.1.2"
  resolved "https://registry.yarnpkg.com/supports-color/-/supports-color-3.1.2.tgz#72a262894d9d408b956ca05ff37b2ed8a6e2a2d5"
  dependencies:
    has-flag "^1.0.0"

supports-color@^2.0.0:
  version "2.0.0"
  resolved "https://registry.yarnpkg.com/supports-color/-/supports-color-2.0.0.tgz#535d045ce6b6363fa40117084629995e9df324c7"

supports-color@^4.0.0:
  version "4.4.0"
  resolved "https://registry.yarnpkg.com/supports-color/-/supports-color-4.4.0.tgz#883f7ddabc165142b2a61427f3352ded195d1a3e"
  dependencies:
    has-flag "^2.0.0"

to-fast-properties@^1.0.3:
  version "1.0.3"
  resolved "https://registry.yarnpkg.com/to-fast-properties/-/to-fast-properties-1.0.3.tgz#b83571fa4d8c25b82e231b06e3a3055de4ca1a47"

trim-right@^1.0.1:
  version "1.0.1"
  resolved "https://registry.yarnpkg.com/trim-right/-/trim-right-1.0.1.tgz#cb2e1203067e0c8de1f614094b9fe45704ea6003"

ts-node@^3.3.0:
  version "3.3.0"
  resolved "https://registry.yarnpkg.com/ts-node/-/ts-node-3.3.0.tgz#c13c6a3024e30be1180dd53038fc209289d4bf69"
  dependencies:
    arrify "^1.0.0"
    chalk "^2.0.0"
    diff "^3.1.0"
    make-error "^1.1.1"
    minimist "^1.2.0"
    mkdirp "^0.5.1"
    source-map-support "^0.4.0"
    tsconfig "^6.0.0"
    v8flags "^3.0.0"
    yn "^2.0.0"

tsconfig@^6.0.0:
  version "6.0.0"
  resolved "https://registry.yarnpkg.com/tsconfig/-/tsconfig-6.0.0.tgz#6b0e8376003d7af1864f8df8f89dd0059ffcd032"
  dependencies:
    strip-bom "^3.0.0"
    strip-json-comments "^2.0.0"

tslib@^1.7.1:
  version "1.7.1"
  resolved "https://registry.yarnpkg.com/tslib/-/tslib-1.7.1.tgz#bc8004164691923a79fe8378bbeb3da2017538ec"

typescript@^2.5.3:
  version "2.5.3"
  resolved "https://registry.yarnpkg.com/typescript/-/typescript-2.5.3.tgz#df3dcdc38f3beb800d4bc322646b04a3f6ca7f0d"

v8flags@^3.0.0:
  version "3.0.1"
  resolved "https://registry.yarnpkg.com/v8flags/-/v8flags-3.0.1.tgz#dce8fc379c17d9f2c9e9ed78d89ce00052b1b76b"
  dependencies:
    homedir-polyfill "^1.0.1"

wrappy@1:
  version "1.0.2"
  resolved "https://registry.yarnpkg.com/wrappy/-/wrappy-1.0.2.tgz#b5243d8f3ec1aa35f1364605bc0d1036e30ab69f"

yn@^2.0.0:
  version "2.0.0"
  resolved "https://registry.yarnpkg.com/yn/-/yn-2.0.0.tgz#e5adabc8acf408f6385fc76495684c88e6af689a"
