# THIS IS AN AUTOGENERATED FILE. DO NOT EDIT THIS FILE DIRECTLY.
# yarn lockfile v1


"@types/loader-utils@^1.1.1":
  version "1.1.1"
  resolved "https://registry.yarnpkg.com/@types/loader-utils/-/loader-utils-1.1.1.tgz#3522ac71af49cc3e3385587c395172397d1fb1c2"
  dependencies:
    "@types/node" "*"
    "@types/webpack" "*"

"@types/node@*":
  version "9.3.0"
  resolved "https://registry.yarnpkg.com/@types/node/-/node-9.3.0.tgz#3a129cda7c4e5df2409702626892cb4b96546dd5"

"@types/tapable@*":
  version "0.2.4"
  resolved "https://registry.yarnpkg.com/@types/tapable/-/tapable-0.2.4.tgz#8181a228da46185439300e600c5ae3b3b3982585"

"@types/uglify-js@*":
  version "2.6.30"
  resolved "https://registry.yarnpkg.com/@types/uglify-js/-/uglify-js-2.6.30.tgz#257d2b6dd86673d60da476680fba90f2e30c6eef"
  dependencies:
    source-map "^0.6.1"

"@types/webpack@*":
  version "3.8.3"
  resolved "https://registry.yarnpkg.com/@types/webpack/-/webpack-3.8.3.tgz#92501a9c7e41a560aa9b354345768b7348d80764"
  dependencies:
    "@types/node" "*"
    "@types/tapable" "*"
    "@types/uglify-js" "*"

any-promise@^1.0.0:
  version "1.3.0"
  resolved "https://registry.yarnpkg.com/any-promise/-/any-promise-1.3.0.tgz#abc6afeedcea52e809cdc0376aed3ce39635d17f"

big.js@^3.1.3:
  version "3.2.0"
  resolved "https://registry.yarnpkg.com/big.js/-/big.js-3.2.0.tgz#a5fc298b81b9e0dca2e458824784b65c52ba588e"

commander@^2.12.2:
  version "2.13.0"
  resolved "https://registry.yarnpkg.com/commander/-/commander-2.13.0.tgz#6964bca67685df7c1f1430c584f07d7597885b9c"

emojis-list@^2.0.0:
  version "2.1.0"
  resolved "https://registry.yarnpkg.com/emojis-list/-/emojis-list-2.1.0.tgz#4daa4d9db00f9819880c79fa457ae5b09a1fd389"

json5@^0.5.0:
  version "0.5.1"
  resolved "https://registry.yarnpkg.com/json5/-/json5-0.5.1.tgz#1eade7acc012034ad84e2396767ead9fa5495821"

lines-and-columns@^1.1.6:
  version "1.1.6"
  resolved "https://registry.yarnpkg.com/lines-and-columns/-/lines-and-columns-1.1.6.tgz#1c00c743b433cd0a4e80758f7b64a57440d9ff00"

loader-utils@^1.1.0:
  version "1.1.0"
  resolved "https://registry.yarnpkg.com/loader-utils/-/loader-utils-1.1.0.tgz#c98aef488bcceda2ffb5e2de646d6a754429f5cd"
  dependencies:
    big.js "^3.1.3"
    emojis-list "^2.0.0"
    json5 "^0.5.0"

mz@^2.7.0:
  version "2.7.0"
  resolved "https://registry.yarnpkg.com/mz/-/mz-2.7.0.tgz#95008057a56cafadc2bc63dde7f9ff6955948e32"
  dependencies:
    any-promise "^1.0.0"
    object-assign "^4.0.1"
    thenify-all "^1.0.0"

node-modules-regexp@^1.0.0:
  version "1.0.0"
  resolved "https://registry.yarnpkg.com/node-modules-regexp/-/node-modules-regexp-1.0.0.tgz#8d9dbe28964a4ac5712e9131642107c71e90ec40"

object-assign@^4.0.1:
  version "4.1.1"
  resolved "https://registry.yarnpkg.com/object-assign/-/object-assign-4.1.1.tgz#2109adc7965887cfc05cbbd442cac8bfbb360863"

pirates@^3.0.2:
  version "3.0.2"
  resolved "https://registry.yarnpkg.com/pirates/-/pirates-3.0.2.tgz#7e6f85413fd9161ab4e12b539b06010d85954bb9"
  dependencies:
    node-modules-regexp "^1.0.0"

source-map@^0.6.1:
  version "0.6.1"
  resolved "https://registry.yarnpkg.com/source-map/-/source-map-0.6.1.tgz#74722af32e9614e9c287a8d0bbde48b5e2f1a263"

sucrase@^3.0.0:
  version "3.0.0"
  resolved "https://registry.yarnpkg.com/sucrase/-/sucrase-3.0.0.tgz#e593605170ea4424f625178d4761c634295b0f14"
  dependencies:
    commander "^2.12.2"
    lines-and-columns "^1.1.6"
    mz "^2.7.0"
    pirates "^3.0.2"

thenify-all@^1.0.0:
  version "1.6.0"
  resolved "https://registry.yarnpkg.com/thenify-all/-/thenify-all-1.6.0.tgz#1a1918d402d8fc3f98fbf234db0bcc8cc10e9726"
  dependencies:
    thenify ">= 3.1.0 < 4"

"thenify@>= 3.1.0 < 4":
  version "3.3.0"
  resolved "https://registry.yarnpkg.com/thenify/-/thenify-3.3.0.tgz#e69e38a1babe969b0108207978b9f62b88604839"
  dependencies:
    any-promise "^1.0.0"
