# THIS IS AN AUTOGENERATED FILE. DO NOT EDIT THIS FILE DIRECTLY.
# yarn lockfile v1


acorn-dynamic-import@^3.0.0:
  version "3.0.0"
  resolved "https://registry.yarnpkg.com/acorn-dynamic-import/-/acorn-dynamic-import-3.0.0.tgz#901ceee4c7faaef7e07ad2a47e890675da50a278"
  dependencies:
    acorn "^5.0.0"

acorn-object-rest-spread@^1.1.0:
  version "1.1.0"
  resolved "https://registry.yarnpkg.com/acorn-object-rest-spread/-/acorn-object-rest-spread-1.1.0.tgz#78699aefdd18ec3182caadadf52e2697c048f476"
  dependencies:
    acorn "^5.0.3"

acorn@^5.0.0, acorn@^5.0.3, acorn@^5.3.0:
  version "5.7.4"
  resolved "https://registry.yarnpkg.com/acorn/-/acorn-5.7.4.tgz#3e8d8a9947d0599a1796d10225d7432f4a4acf5e"
